
Microsoft Visual Studio Solution File, Format Version 12.00
# Visual Studio Version 17
VisualStudioVersion = 17.5.002.0
MinimumVisualStudioVersion = 10.0.40219.1
Project("{9A19103F-16F7-4668-BE54-9A1E7A4F7556}") = "LinkedListC#", "LinkedListC#.csproj", "{67816690-9CFA-4AA8-8D6E-04ED765F78CE}"
EndProject
Global
	GlobalSection(SolutionConfigurationPlatforms) = preSolution
		Debug|Any CPU = Debug|Any CPU
		Release|Any CPU = Release|Any CPU
	EndGlobalSection
	GlobalSection(ProjectConfigurationPlatforms) = postSolution
		{67816690-9CFA-4AA8-8D6E-04ED765F78CE}.Debug|Any CPU.ActiveCfg = Debug|Any CPU
		{67816690-9CFA-4AA8-8D6E-04ED765F78CE}.Debug|Any CPU.Build.0 = Debug|Any CPU
		{67816690-9CFA-4AA8-8D6E-04ED765F78CE}.Release|Any CPU.ActiveCfg = Release|Any CPU
		{67816690-9CFA-4AA8-8D6E-04ED765F78CE}.Release|Any CPU.Build.0 = Release|Any CPU
	EndGlobalSection
	GlobalSection(SolutionProperties) = preSolution
		HideSolutionNode = FALSE
	EndGlobalSection
	GlobalSection(ExtensibilityGlobals) = postSolution
		SolutionGuid = {99D4A51B-7570-4353-8446-1173D2C83CDC}
	EndGlobalSection
EndGlobal
